
Microsoft Visual Studio Solution File, Format Version 11.00
# Visual Studio 2010
# SharpDevelop 5.0
Project("{FAE04EC0-301F-11D3-BF4B-00C04F79EFBC}") = "TrafficSim", "TranMACASims\TrafficSim.csproj", "{971BFF16-3E0B-4AB5-BFA8-82D84B0FC5AB}"
EndProject
Project("{2150E333-8FDC-42A3-9474-1A3956D46DE8}") = "Solution Items", "Solution Items", "{BD65A97C-9B1B-4BDB-92BA-F2B3475AEEF6}"
	ProjectSection(SolutionItems) = preProject
		Local.testsettings = Local.testsettings
		TraceAndTestImpact.testsettings = TraceAndTestImpact.testsettings
		TranMACASims.vsmdi = TranMACASims.vsmdi
	EndProjectSection
EndProject
Project("{FAE04EC0-301F-11D3-BF4B-00C04F79EFBC}") = "SubSys_Graphics", "SubSys_Graphics\SubSys_Graphics.csproj", "{D9A39CA7-1C9B-4A9F-9C22-C73E32977D9B}"
EndProject
Project("{FAE04EC0-301F-11D3-BF4B-00C04F79EFBC}") = "SubSys_SimDriving", "SubSys_SimDriving\SubSys_SimDriving.csproj", "{DAE0A318-3A89-450C-9095-83DC71E286C6}"
EndProject
Project("{FAE04EC0-301F-11D3-BF4B-00C04F79EFBC}") = "SubSys_MathUtility", "MathTools\SubSys_MathUtility.csproj", "{BB9010E8-E811-4C0B-86AF-6BFB7B0B0F70}"
EndProject
Project("{FAE04EC0-301F-11D3-BF4B-00C04F79EFBC}") = "SubSys_DataManage", "SubSys_DataManage\SubSys_DataManage.csproj", "{BD28B49F-0AD4-4449-8188-920051C1F3F6}"
EndProject
Project("{FAE04EC0-301F-11D3-BF4B-00C04F79EFBC}") = "SubSys_DataVisualization", "SubSys_DataVisualization\SubSys_DataVisualization.csproj", "{9E617654-1493-4645-B079-C0EC3B5DFDF6}"
EndProject
Global
	GlobalSection(SolutionConfigurationPlatforms) = preSolution
		Debug|Any CPU = Debug|Any CPU
		Release|Any CPU = Release|Any CPU
	EndGlobalSection
	GlobalSection(ProjectConfigurationPlatforms) = postSolution
		{971BFF16-3E0B-4AB5-BFA8-82D84B0FC5AB}.Debug|Any CPU.ActiveCfg = Debug|Any CPU
		{971BFF16-3E0B-4AB5-BFA8-82D84B0FC5AB}.Debug|Any CPU.Build.0 = Debug|Any CPU
		{971BFF16-3E0B-4AB5-BFA8-82D84B0FC5AB}.Release|Any CPU.ActiveCfg = Debug|Any CPU
		{971BFF16-3E0B-4AB5-BFA8-82D84B0FC5AB}.Release|Any CPU.Build.0 = Debug|Any CPU
		{D9A39CA7-1C9B-4A9F-9C22-C73E32977D9B}.Debug|Any CPU.ActiveCfg = Debug|Any CPU
		{D9A39CA7-1C9B-4A9F-9C22-C73E32977D9B}.Debug|Any CPU.Build.0 = Debug|Any CPU
		{D9A39CA7-1C9B-4A9F-9C22-C73E32977D9B}.Release|Any CPU.ActiveCfg = Debug|Any CPU
		{D9A39CA7-1C9B-4A9F-9C22-C73E32977D9B}.Release|Any CPU.Build.0 = Debug|Any CPU
		{DAE0A318-3A89-450C-9095-83DC71E286C6}.Debug|Any CPU.ActiveCfg = Debug|Any CPU
		{DAE0A318-3A89-450C-9095-83DC71E286C6}.Debug|Any CPU.Build.0 = Debug|Any CPU
		{DAE0A318-3A89-450C-9095-83DC71E286C6}.Release|Any CPU.ActiveCfg = Debug|Any CPU
		{DAE0A318-3A89-450C-9095-83DC71E286C6}.Release|Any CPU.Build.0 = Debug|Any CPU
		{BB9010E8-E811-4C0B-86AF-6BFB7B0B0F70}.Debug|Any CPU.ActiveCfg = Debug|Any CPU
		{BB9010E8-E811-4C0B-86AF-6BFB7B0B0F70}.Debug|Any CPU.Build.0 = Debug|Any CPU
		{BB9010E8-E811-4C0B-86AF-6BFB7B0B0F70}.Release|Any CPU.ActiveCfg = Debug|Any CPU
		{BB9010E8-E811-4C0B-86AF-6BFB7B0B0F70}.Release|Any CPU.Build.0 = Debug|Any CPU
		{BD28B49F-0AD4-4449-8188-920051C1F3F6}.Debug|Any CPU.ActiveCfg = Debug|Any CPU
		{BD28B49F-0AD4-4449-8188-920051C1F3F6}.Debug|Any CPU.Build.0 = Debug|Any CPU
		{BD28B49F-0AD4-4449-8188-920051C1F3F6}.Release|Any CPU.ActiveCfg = Release|Any CPU
		{BD28B49F-0AD4-4449-8188-920051C1F3F6}.Release|Any CPU.Build.0 = Release|Any CPU
		{9E617654-1493-4645-B079-C0EC3B5DFDF6}.Debug|Any CPU.ActiveCfg = Debug|Any CPU
		{9E617654-1493-4645-B079-C0EC3B5DFDF6}.Debug|Any CPU.Build.0 = Debug|Any CPU
		{9E617654-1493-4645-B079-C0EC3B5DFDF6}.Release|Any CPU.ActiveCfg = Release|Any CPU
		{9E617654-1493-4645-B079-C0EC3B5DFDF6}.Release|Any CPU.Build.0 = Release|Any CPU
	EndGlobalSection
	GlobalSection(TestCaseManagementSettings) = postSolution
		CategoryFile = TranMACASims.vsmdi
	EndGlobalSection
	GlobalSection(SolutionProperties) = preSolution
		HideSolutionNode = FALSE
	EndGlobalSection
EndGlobal
